
Microsoft Visual Studio Solution File, Format Version 12.00
# Visual Studio 2013
VisualStudioVersion = 12.0.31101.0
MinimumVisualStudioVersion = 10.0.40219.1
Project("{FAE04EC0-301F-11D3-BF4B-00C04F79EFBC}") = "CLK.AspNet.Identity", "CLK.AspNet.Identity\CLK.AspNet.Identity.csproj", "{0B65E1FC-E478-49C9-A83B-6D86F873D741}"
EndProject
Project("{FAE04EC0-301F-11D3-BF4B-00C04F79EFBC}") = "CLK.AspNet.Identity.EntityFramework", "CLK.AspNet.Identity.EntityFramework\CLK.AspNet.Identity.EntityFramework.csproj", "{003FA076-76A3-4F50-BE9E-F49E43AE8F9E}"
EndProject
Project("{2150E333-8FDC-42A3-9474-1A3956D46DE8}") = "01 Domains", "01 Domains", "{E9185531-467B-49D7-8C7D-A051B73F8525}"
EndProject
Project("{2150E333-8FDC-42A3-9474-1A3956D46DE8}") = "02 Samples", "02 Samples", "{99640D27-F36C-4E8F-ADB1-9D3099BCAE7C}"
EndProject
Project("{FAE04EC0-301F-11D3-BF4B-00C04F79EFBC}") = "CLK.AspNet.Identity.Mvc", "CLK.AspNet.Identity.Mvc\CLK.AspNet.Identity.Mvc.csproj", "{78A9BD96-D1D5-4A21-9548-7A67B5DDB6E2}"
EndProject
Project("{FAE04EC0-301F-11D3-BF4B-00C04F79EFBC}") = "CLK.AspNet.Identity.WinConsole", "Samples\CLK.AspNet.Identity.WinConsole\CLK.AspNet.Identity.WinConsole.csproj", "{3DD399A5-1CFF-4BA3-B52D-2779FACA55E7}"
EndProject
Global
	GlobalSection(SolutionConfigurationPlatforms) = preSolution
		Debug|Any CPU = Debug|Any CPU
		Release|Any CPU = Release|Any CPU
	EndGlobalSection
	GlobalSection(ProjectConfigurationPlatforms) = postSolution
		{0B65E1FC-E478-49C9-A83B-6D86F873D741}.Debug|Any CPU.ActiveCfg = Debug|Any CPU
		{0B65E1FC-E478-49C9-A83B-6D86F873D741}.Debug|Any CPU.Build.0 = Debug|Any CPU
		{0B65E1FC-E478-49C9-A83B-6D86F873D741}.Release|Any CPU.ActiveCfg = Release|Any CPU
		{0B65E1FC-E478-49C9-A83B-6D86F873D741}.Release|Any CPU.Build.0 = Release|Any CPU
		{003FA076-76A3-4F50-BE9E-F49E43AE8F9E}.Debug|Any CPU.ActiveCfg = Debug|Any CPU
		{003FA076-76A3-4F50-BE9E-F49E43AE8F9E}.Debug|Any CPU.Build.0 = Debug|Any CPU
		{003FA076-76A3-4F50-BE9E-F49E43AE8F9E}.Release|Any CPU.ActiveCfg = Release|Any CPU
		{003FA076-76A3-4F50-BE9E-F49E43AE8F9E}.Release|Any CPU.Build.0 = Release|Any CPU
		{78A9BD96-D1D5-4A21-9548-7A67B5DDB6E2}.Debug|Any CPU.ActiveCfg = Debug|Any CPU
		{78A9BD96-D1D5-4A21-9548-7A67B5DDB6E2}.Debug|Any CPU.Build.0 = Debug|Any CPU
		{78A9BD96-D1D5-4A21-9548-7A67B5DDB6E2}.Release|Any CPU.ActiveCfg = Release|Any CPU
		{78A9BD96-D1D5-4A21-9548-7A67B5DDB6E2}.Release|Any CPU.Build.0 = Release|Any CPU
		{3DD399A5-1CFF-4BA3-B52D-2779FACA55E7}.Debug|Any CPU.ActiveCfg = Debug|Any CPU
		{3DD399A5-1CFF-4BA3-B52D-2779FACA55E7}.Debug|Any CPU.Build.0 = Debug|Any CPU
		{3DD399A5-1CFF-4BA3-B52D-2779FACA55E7}.Release|Any CPU.ActiveCfg = Release|Any CPU
		{3DD399A5-1CFF-4BA3-B52D-2779FACA55E7}.Release|Any CPU.Build.0 = Release|Any CPU
	EndGlobalSection
	GlobalSection(SolutionProperties) = preSolution
		HideSolutionNode = FALSE
	EndGlobalSection
	GlobalSection(NestedProjects) = preSolution
		{0B65E1FC-E478-49C9-A83B-6D86F873D741} = {E9185531-467B-49D7-8C7D-A051B73F8525}
		{003FA076-76A3-4F50-BE9E-F49E43AE8F9E} = {E9185531-467B-49D7-8C7D-A051B73F8525}
		{78A9BD96-D1D5-4A21-9548-7A67B5DDB6E2} = {E9185531-467B-49D7-8C7D-A051B73F8525}
		{3DD399A5-1CFF-4BA3-B52D-2779FACA55E7} = {99640D27-F36C-4E8F-ADB1-9D3099BCAE7C}
	EndGlobalSection
EndGlobal
